
Microsoft Visual Studio Solution File, Format Version 12.00
# Visual Studio Version 17
VisualStudioVersion = 17.3.32901.215
MinimumVisualStudioVersion = 10.0.40219.1
Project("{FAE04EC0-301F-11D3-BF4B-00C04F79EFBC}") = "Sales.Android", "Sales.Android\Sales.Android.csproj", "{2E88D07D-BC8B-46FA-87CD-1E0032C23D85}"
EndProject
Project("{FAE04EC0-301F-11D3-BF4B-00C04F79EFBC}") = "Sales.iOS", "Sales.iOS\Sales.iOS.csproj", "{727F19ED-81E7-4F46-B72F-E9644C17ED87}"
EndProject
Project("{9A19103F-16F7-4668-BE54-9A1E7A4F7556}") = "Sales", "Sales\Sales.csproj", "{70A0334B-1ADA-4592-A957-56E1D4F501B7}"
EndProject
Project("{FAE04EC0-301F-11D3-BF4B-00C04F79EFBC}") = "Sales.Backend", "Sales.Backend\Sales.Backend.csproj", "{D192B4F2-BF3D-4E48-AC4D-0FA1FEC160E3}"
EndProject
Project("{FAE04EC0-301F-11D3-BF4B-00C04F79EFBC}") = "Sales.API", "Sales.API\Sales.API.csproj", "{22C79B02-BCBF-4824-BF3B-94B1FA44A37F}"
EndProject
Project("{FAE04EC0-301F-11D3-BF4B-00C04F79EFBC}") = "Sales.Domain", "Sales.Domain\Sales.Domain.csproj", "{E9707869-37FC-4DDE-808E-A1621D8DF898}"
EndProject
Project("{FAE04EC0-301F-11D3-BF4B-00C04F79EFBC}") = "Sales.Common", "Sales.Common\Sales.Common.csproj", "{D67B3541-6ADC-40C0-AA65-ADBC0BD631FF}"
EndProject
Global
	GlobalSection(SolutionConfigurationPlatforms) = preSolution
		Debug|Any CPU = Debug|Any CPU
		Debug|iPhone = Debug|iPhone
		Debug|iPhoneSimulator = Debug|iPhoneSimulator
		Release|Any CPU = Release|Any CPU
		Release|iPhone = Release|iPhone
		Release|iPhoneSimulator = Release|iPhoneSimulator
	EndGlobalSection
	GlobalSection(ProjectConfigurationPlatforms) = postSolution
		{2E88D07D-BC8B-46FA-87CD-1E0032C23D85}.Debug|Any CPU.ActiveCfg = Debug|Any CPU
		{2E88D07D-BC8B-46FA-87CD-1E0032C23D85}.Debug|Any CPU.Build.0 = Debug|Any CPU
		{2E88D07D-BC8B-46FA-87CD-1E0032C23D85}.Debug|Any CPU.Deploy.0 = Debug|Any CPU
		{2E88D07D-BC8B-46FA-87CD-1E0032C23D85}.Debug|iPhone.ActiveCfg = Debug|Any CPU
		{2E88D07D-BC8B-46FA-87CD-1E0032C23D85}.Debug|iPhone.Build.0 = Debug|Any CPU
		{2E88D07D-BC8B-46FA-87CD-1E0032C23D85}.Debug|iPhone.Deploy.0 = Debug|Any CPU
		{2E88D07D-BC8B-46FA-87CD-1E0032C23D85}.Debug|iPhoneSimulator.ActiveCfg = Debug|Any CPU
		{2E88D07D-BC8B-46FA-87CD-1E0032C23D85}.Debug|iPhoneSimulator.Build.0 = Debug|Any CPU
		{2E88D07D-BC8B-46FA-87CD-1E0032C23D85}.Debug|iPhoneSimulator.Deploy.0 = Debug|Any CPU
		{2E88D07D-BC8B-46FA-87CD-1E0032C23D85}.Release|Any CPU.ActiveCfg = Release|Any CPU
		{2E88D07D-BC8B-46FA-87CD-1E0032C23D85}.Release|Any CPU.Build.0 = Release|Any CPU
		{2E88D07D-BC8B-46FA-87CD-1E0032C23D85}.Release|Any CPU.Deploy.0 = Release|Any CPU
		{2E88D07D-BC8B-46FA-87CD-1E0032C23D85}.Release|iPhone.ActiveCfg = Release|Any CPU
		{2E88D07D-BC8B-46FA-87CD-1E0032C23D85}.Release|iPhone.Build.0 = Release|Any CPU
		{2E88D07D-BC8B-46FA-87CD-1E0032C23D85}.Release|iPhone.Deploy.0 = Release|Any CPU
		{2E88D07D-BC8B-46FA-87CD-1E0032C23D85}.Release|iPhoneSimulator.ActiveCfg = Release|Any CPU
		{2E88D07D-BC8B-46FA-87CD-1E0032C23D85}.Release|iPhoneSimulator.Build.0 = Release|Any CPU
		{2E88D07D-BC8B-46FA-87CD-1E0032C23D85}.Release|iPhoneSimulator.Deploy.0 = Release|Any CPU
		{727F19ED-81E7-4F46-B72F-E9644C17ED87}.Debug|Any CPU.ActiveCfg = Debug|iPhone
		{727F19ED-81E7-4F46-B72F-E9644C17ED87}.Debug|Any CPU.Build.0 = Debug|iPhone
		{727F19ED-81E7-4F46-B72F-E9644C17ED87}.Debug|Any CPU.Deploy.0 = Debug|iPhone
		{727F19ED-81E7-4F46-B72F-E9644C17ED87}.Debug|iPhone.ActiveCfg = Debug|iPhone
		{727F19ED-81E7-4F46-B72F-E9644C17ED87}.Debug|iPhone.Build.0 = Debug|iPhone
		{727F19ED-81E7-4F46-B72F-E9644C17ED87}.Debug|iPhone.Deploy.0 = Debug|iPhone
		{727F19ED-81E7-4F46-B72F-E9644C17ED87}.Debug|iPhoneSimulator.ActiveCfg = Debug|iPhoneSimulator
		{727F19ED-81E7-4F46-B72F-E9644C17ED87}.Debug|iPhoneSimulator.Build.0 = Debug|iPhoneSimulator
		{727F19ED-81E7-4F46-B72F-E9644C17ED87}.Debug|iPhoneSimulator.Deploy.0 = Debug|iPhoneSimulator
		{727F19ED-81E7-4F46-B72F-E9644C17ED87}.Release|Any CPU.ActiveCfg = Release|iPhoneSimulator
		{727F19ED-81E7-4F46-B72F-E9644C17ED87}.Release|Any CPU.Build.0 = Release|iPhoneSimulator
		{727F19ED-81E7-4F46-B72F-E9644C17ED87}.Release|Any CPU.Deploy.0 = Release|iPhoneSimulator
		{727F19ED-81E7-4F46-B72F-E9644C17ED87}.Release|iPhone.ActiveCfg = Release|iPhone
		{727F19ED-81E7-4F46-B72F-E9644C17ED87}.Release|iPhone.Build.0 = Release|iPhone
		{727F19ED-81E7-4F46-B72F-E9644C17ED87}.Release|iPhone.Deploy.0 = Release|iPhone
		{727F19ED-81E7-4F46-B72F-E9644C17ED87}.Release|iPhoneSimulator.ActiveCfg = Release|iPhoneSimulator
		{727F19ED-81E7-4F46-B72F-E9644C17ED87}.Release|iPhoneSimulator.Build.0 = Release|iPhoneSimulator
		{727F19ED-81E7-4F46-B72F-E9644C17ED87}.Release|iPhoneSimulator.Deploy.0 = Release|iPhoneSimulator
		{70A0334B-1ADA-4592-A957-56E1D4F501B7}.Debug|Any CPU.ActiveCfg = Debug|Any CPU
		{70A0334B-1ADA-4592-A957-56E1D4F501B7}.Debug|Any CPU.Build.0 = Debug|Any CPU
		{70A0334B-1ADA-4592-A957-56E1D4F501B7}.Debug|Any CPU.Deploy.0 = Debug|Any CPU
		{70A0334B-1ADA-4592-A957-56E1D4F501B7}.Debug|iPhone.ActiveCfg = Debug|Any CPU
		{70A0334B-1ADA-4592-A957-56E1D4F501B7}.Debug|iPhone.Build.0 = Debug|Any CPU
		{70A0334B-1ADA-4592-A957-56E1D4F501B7}.Debug|iPhone.Deploy.0 = Debug|Any CPU
		{70A0334B-1ADA-4592-A957-56E1D4F501B7}.Debug|iPhoneSimulator.ActiveCfg = Debug|Any CPU
		{70A0334B-1ADA-4592-A957-56E1D4F501B7}.Debug|iPhoneSimulator.Build.0 = Debug|Any CPU
		{70A0334B-1ADA-4592-A957-56E1D4F501B7}.Debug|iPhoneSimulator.Deploy.0 = Debug|Any CPU
		{70A0334B-1ADA-4592-A957-56E1D4F501B7}.Release|Any CPU.ActiveCfg = Release|Any CPU
		{70A0334B-1ADA-4592-A957-56E1D4F501B7}.Release|Any CPU.Build.0 = Release|Any CPU
		{70A0334B-1ADA-4592-A957-56E1D4F501B7}.Release|Any CPU.Deploy.0 = Release|Any CPU
		{70A0334B-1ADA-4592-A957-56E1D4F501B7}.Release|iPhone.ActiveCfg = Release|Any CPU
		{70A0334B-1ADA-4592-A957-56E1D4F501B7}.Release|iPhone.Build.0 = Release|Any CPU
		{70A0334B-1ADA-4592-A957-56E1D4F501B7}.Release|iPhone.Deploy.0 = Release|Any CPU
		{70A0334B-1ADA-4592-A957-56E1D4F501B7}.Release|iPhoneSimulator.ActiveCfg = Release|Any CPU
		{70A0334B-1ADA-4592-A957-56E1D4F501B7}.Release|iPhoneSimulator.Build.0 = Release|Any CPU
		{70A0334B-1ADA-4592-A957-56E1D4F501B7}.Release|iPhoneSimulator.Deploy.0 = Release|Any CPU
		{D192B4F2-BF3D-4E48-AC4D-0FA1FEC160E3}.Debug|Any CPU.ActiveCfg = Debug|Any CPU
		{D192B4F2-BF3D-4E48-AC4D-0FA1FEC160E3}.Debug|Any CPU.Build.0 = Debug|Any CPU
		{D192B4F2-BF3D-4E48-AC4D-0FA1FEC160E3}.Debug|iPhone.ActiveCfg = Debug|Any CPU
		{D192B4F2-BF3D-4E48-AC4D-0FA1FEC160E3}.Debug|iPhone.Build.0 = Debug|Any CPU
		{D192B4F2-BF3D-4E48-AC4D-0FA1FEC160E3}.Debug|iPhoneSimulator.ActiveCfg = Debug|Any CPU
		{D192B4F2-BF3D-4E48-AC4D-0FA1FEC160E3}.Debug|iPhoneSimulator.Build.0 = Debug|Any CPU
		{D192B4F2-BF3D-4E48-AC4D-0FA1FEC160E3}.Release|Any CPU.ActiveCfg = Release|Any CPU
		{D192B4F2-BF3D-4E48-AC4D-0FA1FEC160E3}.Release|Any CPU.Build.0 = Release|Any CPU
		{D192B4F2-BF3D-4E48-AC4D-0FA1FEC160E3}.Release|iPhone.ActiveCfg = Release|Any CPU
		{D192B4F2-BF3D-4E48-AC4D-0FA1FEC160E3}.Release|iPhone.Build.0 = Release|Any CPU
		{D192B4F2-BF3D-4E48-AC4D-0FA1FEC160E3}.Release|iPhoneSimulator.ActiveCfg = Release|Any CPU
		{D192B4F2-BF3D-4E48-AC4D-0FA1FEC160E3}.Release|iPhoneSimulator.Build.0 = Release|Any CPU
		{22C79B02-BCBF-4824-BF3B-94B1FA44A37F}.Debug|Any CPU.ActiveCfg = Debug|Any CPU
		{22C79B02-BCBF-4824-BF3B-94B1FA44A37F}.Debug|Any CPU.Build.0 = Debug|Any CPU
		{22C79B02-BCBF-4824-BF3B-94B1FA44A37F}.Debug|iPhone.ActiveCfg = Debug|Any CPU
		{22C79B02-BCBF-4824-BF3B-94B1FA44A37F}.Debug|iPhone.Build.0 = Debug|Any CPU
		{22C79B02-BCBF-4824-BF3B-94B1FA44A37F}.Debug|iPhoneSimulator.ActiveCfg = Debug|Any CPU
		{22C79B02-BCBF-4824-BF3B-94B1FA44A37F}.Debug|iPhoneSimulator.Build.0 = Debug|Any CPU
		{22C79B02-BCBF-4824-BF3B-94B1FA44A37F}.Release|Any CPU.ActiveCfg = Release|Any CPU
		{22C79B02-BCBF-4824-BF3B-94B1FA44A37F}.Release|Any CPU.Build.0 = Release|Any CPU
		{22C79B02-BCBF-4824-BF3B-94B1FA44A37F}.Release|iPhone.ActiveCfg = Release|Any CPU
		{22C79B02-BCBF-4824-BF3B-94B1FA44A37F}.Release|iPhone.Build.0 = Release|Any CPU
		{22C79B02-BCBF-4824-BF3B-94B1FA44A37F}.Release|iPhoneSimulator.ActiveCfg = Release|Any CPU
		{22C79B02-BCBF-4824-BF3B-94B1FA44A37F}.Release|iPhoneSimulator.Build.0 = Release|Any CPU
		{E9707869-37FC-4DDE-808E-A1621D8DF898}.Debug|Any CPU.ActiveCfg = Debug|Any CPU
		{E9707869-37FC-4DDE-808E-A1621D8DF898}.Debug|Any CPU.Build.0 = Debug|Any CPU
		{E9707869-37FC-4DDE-808E-A1621D8DF898}.Debug|iPhone.ActiveCfg = Debug|Any CPU
		{E9707869-37FC-4DDE-808E-A1621D8DF898}.Debug|iPhone.Build.0 = Debug|Any CPU
		{E9707869-37FC-4DDE-808E-A1621D8DF898}.Debug|iPhoneSimulator.ActiveCfg = Debug|Any CPU
		{E9707869-37FC-4DDE-808E-A1621D8DF898}.Debug|iPhoneSimulator.Build.0 = Debug|Any CPU
		{E9707869-37FC-4DDE-808E-A1621D8DF898}.Release|Any CPU.ActiveCfg = Release|Any CPU
		{E9707869-37FC-4DDE-808E-A1621D8DF898}.Release|Any CPU.Build.0 = Release|Any CPU
		{E9707869-37FC-4DDE-808E-A1621D8DF898}.Release|iPhone.ActiveCfg = Release|Any CPU
		{E9707869-37FC-4DDE-808E-A1621D8DF898}.Release|iPhone.Build.0 = Release|Any CPU
		{E9707869-37FC-4DDE-808E-A1621D8DF898}.Release|iPhoneSimulator.ActiveCfg = Release|Any CPU
		{E9707869-37FC-4DDE-808E-A1621D8DF898}.Release|iPhoneSimulator.Build.0 = Release|Any CPU
		{D67B3541-6ADC-40C0-AA65-ADBC0BD631FF}.Debug|Any CPU.ActiveCfg = Debug|Any CPU
		{D67B3541-6ADC-40C0-AA65-ADBC0BD631FF}.Debug|Any CPU.Build.0 = Debug|Any CPU
		{D67B3541-6ADC-40C0-AA65-ADBC0BD631FF}.Debug|iPhone.ActiveCfg = Debug|Any CPU
		{D67B3541-6ADC-40C0-AA65-ADBC0BD631FF}.Debug|iPhone.Build.0 = Debug|Any CPU
		{D67B3541-6ADC-40C0-AA65-ADBC0BD631FF}.Debug|iPhoneSimulator.ActiveCfg = Debug|Any CPU
		{D67B3541-6ADC-40C0-AA65-ADBC0BD631FF}.Debug|iPhoneSimulator.Build.0 = Debug|Any CPU
		{D67B3541-6ADC-40C0-AA65-ADBC0BD631FF}.Release|Any CPU.ActiveCfg = Release|Any CPU
		{D67B3541-6ADC-40C0-AA65-ADBC0BD631FF}.Release|Any CPU.Build.0 = Release|Any CPU
		{D67B3541-6ADC-40C0-AA65-ADBC0BD631FF}.Release|iPhone.ActiveCfg = Release|Any CPU
		{D67B3541-6ADC-40C0-AA65-ADBC0BD631FF}.Release|iPhone.Build.0 = Release|Any CPU
		{D67B3541-6ADC-40C0-AA65-ADBC0BD631FF}.Release|iPhoneSimulator.ActiveCfg = Release|Any CPU
		{D67B3541-6ADC-40C0-AA65-ADBC0BD631FF}.Release|iPhoneSimulator.Build.0 = Release|Any CPU
	EndGlobalSection
	GlobalSection(SolutionProperties) = preSolution
		HideSolutionNode = FALSE
	EndGlobalSection
	GlobalSection(ExtensibilityGlobals) = postSolution
		SolutionGuid = {952F1379-1FBE-4214-A9C0-6733DF41E219}
	EndGlobalSection
EndGlobal
